// !$*UTF8*$!
{
	archiveVersion = 1;
	classes = {
	};
	objectVersion = 46;
	objects = {
		5E618435888B9D49F8540165 = {
			buildActionMask = 2147483647;
			files = (
				);
			isa = PBXShellScriptBuildPhase;
			runOnlyForDeploymentPostprocessing = 0;
			name = "Qt Qmake";
			shellPath = "/bin/sh";
			shellScript = "make -C /Users/Pawel/PROE_Projekt3 -f qt_makeqmake.mak";
			showEnvVarsInLog = "0";
		};
		182288CA6CDCC2329D37C2E8 = {
			isa = PBXFileReference;
			path = "/Users/Pawel/PROE_Projekt3/main.cpp";
			name = "main.cpp";
			sourceTree = "<absolute>";
			lastKnownFileType = "sourcecode.cpp.cpp";
		};
		A53D6FC8A2339A838F58A0C9 = {
			fileRef = "182288CA6CDCC2329D37C2E8";
			isa = PBXBuildFile;
			settings = {
				ATTRIBUTES = (
					);
			};
		};
		9726082F55FF3FD8F60EC1AF = {
			isa = PBXFileReference;
			path = "/Users/Pawel/PROE_Projekt3/mainwindow.cpp";
			name = "mainwindow.cpp";
			sourceTree = "<absolute>";
			lastKnownFileType = "sourcecode.cpp.cpp";
		};
		7014A8D9EC2B1347B2CDA9DE = {
			fileRef = "9726082F55FF3FD8F60EC1AF";
			isa = PBXBuildFile;
			settings = {
				ATTRIBUTES = (
					);
			};
		};
		9A07E92B626D3878BCED4A67 = {
			isa = PBXFileReference;
			path = "/Users/Pawel/PROE_Projekt3/bluray.cpp";
			name = "bluray.cpp";
			sourceTree = "<absolute>";
			lastKnownFileType = "sourcecode.cpp.cpp";
		};
		C6D3F9D8F64434D68D2D4BDE = {
			fileRef = "9A07E92B626D3878BCED4A67";
			isa = PBXBuildFile;
			settings = {
				ATTRIBUTES = (
					);
			};
		};
		EB2CF6CB060EC954A7AA5D95 = {
			isa = PBXFileReference;
			path = "/Users/Pawel/PROE_Projekt3/disc.cpp";
			name = "disc.cpp";
			sourceTree = "<absolute>";
			lastKnownFileType = "sourcecode.cpp.cpp";
		};
		C507658FA5BA3010B46EC90F = {
			fileRef = "EB2CF6CB060EC954A7AA5D95";
			isa = PBXBuildFile;
			settings = {
				ATTRIBUTES = (
					);
			};
		};
		C49161466430958759E9DF2B = {
			isa = PBXFileReference;
			path = "/Users/Pawel/PROE_Projekt3/drive.cpp";
			name = "drive.cpp";
			sourceTree = "<absolute>";
			lastKnownFileType = "sourcecode.cpp.cpp";
		};
		3A09D4774CF7F209E17867B3 = {
			fileRef = "C49161466430958759E9DF2B";
			isa = PBXBuildFile;
			settings = {
				ATTRIBUTES = (
					);
			};
		};
		384CBCD4508193674110C1BC = {
			isa = PBXFileReference;
			path = "/Users/Pawel/PROE_Projekt3/from_disc.cpp";
			name = "from_disc.cpp";
			sourceTree = "<absolute>";
			lastKnownFileType = "sourcecode.cpp.cpp";
		};
		292ABCB19230FFB945FA9891 = {
			fileRef = "384CBCD4508193674110C1BC";
			isa = PBXBuildFile;
			settings = {
				ATTRIBUTES = (
					);
			};
		};
		63F74704D8516D89F7DA8923 = {
			isa = PBXFileReference;
			path = "/Users/Pawel/PROE_Projekt3/from_memory.cpp";
			name = "from_memory.cpp";
			sourceTree = "<absolute>";
			lastKnownFileType = "sourcecode.cpp.cpp";
		};
		BC44D7BCDAAFEE9FD282A1A5 = {
			fileRef = "63F74704D8516D89F7DA8923";
			isa = PBXBuildFile;
			settings = {
				ATTRIBUTES = (
					);
			};
		};
		DBB25B806DCEB8A9FC012BDA = {
			isa = PBXFileReference;
			path = "/Users/Pawel/PROE_Projekt3/media_player.cpp";
			name = "media_player.cpp";
			sourceTree = "<absolute>";
			lastKnownFileType = "sourcecode.cpp.cpp";
		};
		DCF2B871D8BA31AC91E1DFA2 = {
			fileRef = "DBB25B806DCEB8A9FC012BDA";
			isa = PBXBuildFile;
			settings = {
				ATTRIBUTES = (
					);
			};
		};
		991887068682625C8773924D = {
			isa = PBXFileReference;
			path = "/Users/Pawel/PROE_Projekt3/work_parameters.cpp";
			name = "work_parameters.cpp";
			sourceTree = "<absolute>";
			lastKnownFileType = "sourcecode.cpp.cpp";
		};
		674A609D3752DD15E9B5A10E = {
			fileRef = "991887068682625C8773924D";
			isa = PBXBuildFile;
			settings = {
				ATTRIBUTES = (
					);
			};
		};
		806C89CA9138425634565D69 = {
			isa = PBXFileReference;
			path = "/Users/Pawel/PROE_Projekt3/seconddialog.cpp";
			name = "seconddialog.cpp";
			sourceTree = "<absolute>";
			lastKnownFileType = "sourcecode.cpp.cpp";
		};
		FE31D55295CFAA7339F12673 = {
			fileRef = "806C89CA9138425634565D69";
			isa = PBXBuildFile;
			settings = {
				ATTRIBUTES = (
					);
			};
		};
		49D5AD6191FDE97ADFDA366D = {
			isa = PBXFileReference;
			path = "/Users/Pawel/PROE_Projekt3/moc_mainwindow.cpp";
			name = "moc_mainwindow.cpp";
			sourceTree = "<absolute>";
			lastKnownFileType = "sourcecode.cpp.cpp";
		};
		E6599BE336554A43F02768B5 = {
			fileRef = "49D5AD6191FDE97ADFDA366D";
			isa = PBXBuildFile;
			settings = {
				ATTRIBUTES = (
					);
			};
		};
		0B3292283210398ECBC54445 = {
			isa = PBXFileReference;
			path = "/Users/Pawel/PROE_Projekt3/moc_seconddialog.cpp";
			name = "moc_seconddialog.cpp";
			sourceTree = "<absolute>";
			lastKnownFileType = "sourcecode.cpp.cpp";
		};
		D823622AB88AAB011116752E = {
			fileRef = "0B3292283210398ECBC54445";
			isa = PBXBuildFile;
			settings = {
				ATTRIBUTES = (
					);
			};
		};
		79CDD7E9D21E1C5147C01EFC = {
			isa = PBXFileReference;
			path = "/Users/Pawel/PROE_Projekt3/ui_mainwindow.h";
			name = "ui_mainwindow.h";
			sourceTree = "<absolute>";
			lastKnownFileType = "sourcecode.c.h";
		};
		E8FF6538D04FA6E9C6CA3670 = {
			isa = PBXFileReference;
			path = "/Users/Pawel/PROE_Projekt3/ui_seconddialog.h";
			name = "ui_seconddialog.h";
			sourceTree = "<absolute>";
			lastKnownFileType = "sourcecode.c.h";
		};
		CA3C965664CE17D436A6991F = {
			isa = PBXFileReference;
			path = "/Users/Pawel/PROE_Projekt3/mainwindow.h";
			name = "mainwindow.h";
			sourceTree = "<absolute>";
			lastKnownFileType = "sourcecode.c.h";
		};
		F94E0B8A6EDFECF361669511 = {
			isa = PBXFileReference;
			path = "/Users/Pawel/PROE_Projekt3/bluray.h";
			name = "bluray.h";
			sourceTree = "<absolute>";
			lastKnownFileType = "sourcecode.c.h";
		};
		027E64E2CEF54D289C787817 = {
			isa = PBXFileReference;
			path = "/Users/Pawel/PROE_Projekt3/disc.h";
			name = "disc.h";
			sourceTree = "<absolute>";
			lastKnownFileType = "sourcecode.c.h";
		};
		6D5DAD836A66693DD3682E0C = {
			isa = PBXFileReference;
			path = "/Users/Pawel/PROE_Projekt3/drive.h";
			name = "drive.h";
			sourceTree = "<absolute>";
			lastKnownFileType = "sourcecode.c.h";
		};
		462266BA7EDD629A2AD837C0 = {
			isa = PBXFileReference;
			path = "/Users/Pawel/PROE_Projekt3/from_disc.h";
			name = "from_disc.h";
			sourceTree = "<absolute>";
			lastKnownFileType = "sourcecode.c.h";
		};
		799726FEB5BEE3971450A306 = {
			isa = PBXFileReference;
			path = "/Users/Pawel/PROE_Projekt3/from_memory.h";
			name = "from_memory.h";
			sourceTree = "<absolute>";
			lastKnownFileType = "sourcecode.c.h";
		};
		3D059F37D114EC6CE95BC2AF = {
			isa = PBXFileReference;
			path = "/Users/Pawel/PROE_Projekt3/media_player.h";
			name = "media_player.h";
			sourceTree = "<absolute>";
			lastKnownFileType = "sourcecode.c.h";
		};
		E7543C13DC6CEEA7D2C7D2F2 = {
			isa = PBXFileReference;
			path = "/Users/Pawel/PROE_Projekt3/work_parameters.h";
			name = "work_parameters.h";
			sourceTree = "<absolute>";
			lastKnownFileType = "sourcecode.c.h";
		};
		CED44535B0F1D586E1652279 = {
			isa = PBXFileReference;
			path = "/Users/Pawel/PROE_Projekt3/seconddialog.h";
			name = "seconddialog.h";
			sourceTree = "<absolute>";
			lastKnownFileType = "sourcecode.c.h";
		};
		B88FC66722A2FF8E00D4A374 = {
			isa = PBXFileReference;
			path = "/usr/local/Cellar/qt/5.10.1/mkspecs/features/data/dummy.cpp";
			name = "dummy.cpp";
			sourceTree = "<absolute>";
			lastKnownFileType = "sourcecode.cpp.cpp";
		};
		65AD1B28ABCCD29E8EAB0F13 = {
			fileRef = "B88FC66722A2FF8E00D4A374";
			isa = PBXBuildFile;
			settings = {
				ATTRIBUTES = (
					);
			};
		};
		F38F64F791E242E2C28E0EBD = {
			isa = PBXFileReference;
			path = "/Users/Pawel/PROE_Projekt3/mainwindow.ui";
			name = "mainwindow.ui";
			sourceTree = "<absolute>";
		};
		0E26FFEA3F26DA457CCDA630 = {
			fileRef = "F38F64F791E242E2C28E0EBD";
			isa = PBXBuildFile;
			settings = {
				ATTRIBUTES = (
					);
			};
		};
		A84B20E993AD5C3A7023986A = {
			isa = PBXFileReference;
			path = "/Users/Pawel/PROE_Projekt3/seconddialog.ui";
			name = "seconddialog.ui";
			sourceTree = "<absolute>";
		};
		861512B92AF220E94758B6B4 = {
			fileRef = "A84B20E993AD5C3A7023986A";
			isa = PBXBuildFile;
			settings = {
				ATTRIBUTES = (
					);
			};
		};
		E8C2FEBA3ACD5735ED2FB31F = {
			isa = PBXFileReference;
			path = "/Users/Pawel/PROE_Projekt3/PROE_Projekt3.pro";
			name = "PROE_Projekt3.pro";
			sourceTree = "<absolute>";
			lastKnownFileType = "text";
		};
		2077EC25A9F40E2E49A83D25 = {
			isa = PBXFileReference;
			path = "/Users/Pawel/PROE_Projekt3/.qmake.stash";
			name = ".qmake.stash";
			sourceTree = "<absolute>";
		};
		25B08E2869634E9BCBA333A2 = {
			isa = PBXGroup;
			children = (
				"49D5AD6191FDE97ADFDA366D",
				"0B3292283210398ECBC54445",
				"79CDD7E9D21E1C5147C01EFC",
				"E8FF6538D04FA6E9C6CA3670");
			name = "Generated Sources";
			sourceTree = "<group>";
		};
		2EB56BE3C2D93CDAB0C52E67 = {
			isa = PBXGroup;
			children = (
				"182288CA6CDCC2329D37C2E8",
				"9726082F55FF3FD8F60EC1AF",
				"9A07E92B626D3878BCED4A67",
				"EB2CF6CB060EC954A7AA5D95",
				"C49161466430958759E9DF2B",
				"384CBCD4508193674110C1BC",
				"63F74704D8516D89F7DA8923",
				"DBB25B806DCEB8A9FC012BDA",
				"991887068682625C8773924D",
				"806C89CA9138425634565D69",
				"CA3C965664CE17D436A6991F",
				"F94E0B8A6EDFECF361669511",
				"027E64E2CEF54D289C787817",
				"6D5DAD836A66693DD3682E0C",
				"462266BA7EDD629A2AD837C0",
				"799726FEB5BEE3971450A306",
				"3D059F37D114EC6CE95BC2AF",
				"E7543C13DC6CEEA7D2C7D2F2",
				"CED44535B0F1D586E1652279");
			name = "Sources";
			sourceTree = "<group>";
		};
		B8254625CFD509ED2A24A166 = {
			isa = PBXGroup;
			children = (
				"B88FC66722A2FF8E00D4A374");
			name = "Sources [moc_predefs]";
			sourceTree = "<group>";
		};
		12E908B8A1C3C07C115504F5 = {
			isa = PBXGroup;
			children = (
				"F38F64F791E242E2C28E0EBD",
				"A84B20E993AD5C3A7023986A");
			name = "Sources [uic]";
			sourceTree = "<group>";
		};
		74B182DB50CB5611B5C1C297 = {
			isa = PBXGroup;
			children = (
				"E8C2FEBA3ACD5735ED2FB31F",
				"2077EC25A9F40E2E49A83D25");
			name = "Supporting Files";
			sourceTree = "<group>";
		};
		7EF0942E79C014DCEC8976BC = {
			buildActionMask = 2147483647;
			files = (
				);
			isa = PBXShellScriptBuildPhase;
			runOnlyForDeploymentPostprocessing = 0;
			name = "Qt Preprocessors";
			shellPath = "/bin/sh";
			shellScript = "make -C /Users/Pawel/PROE_Projekt3 -f qt_preprocess.mak";
			showEnvVarsInLog = "0";
		};
		F7E50F631C51CD5B5DC0BC43 = {
			buildActionMask = 2147483647;
			files = (
				"A53D6FC8A2339A838F58A0C9",
				"7014A8D9EC2B1347B2CDA9DE",
				"C6D3F9D8F64434D68D2D4BDE",
				"C507658FA5BA3010B46EC90F",
				"3A09D4774CF7F209E17867B3",
				"292ABCB19230FFB945FA9891",
				"BC44D7BCDAAFEE9FD282A1A5",
				"DCF2B871D8BA31AC91E1DFA2",
				"674A609D3752DD15E9B5A10E",
				"FE31D55295CFAA7339F12673",
				"E6599BE336554A43F02768B5",
				"D823622AB88AAB011116752E",
				"65AD1B28ABCCD29E8EAB0F13");
			isa = PBXSourcesBuildPhase;
			runOnlyForDeploymentPostprocessing = 0;
			name = "Compile Sources";
		};
		4372A626687FE2261D849DD3 = {
			isa = PBXFileReference;
			name = "QtWidgets.framework";
			path = "/usr/local/Cellar/qt/5.10.1/lib/QtWidgets.framework";
			refType = 0;
			sourceTree = "<absolute>";
			lastKnownFileType = "wrapper.framework";
		};
		1D7D940EB2C439A08BD9A01E = {
			fileRef = "4372A626687FE2261D849DD3";
			isa = PBXBuildFile;
			settings = {
			};
		};
		AF433BB9A3A7CB1B806A5FEC = {
			isa = PBXFileReference;
			name = "QtGui.framework";
			path = "/usr/local/Cellar/qt/5.10.1/lib/QtGui.framework";
			refType = 0;
			sourceTree = "<absolute>";
			lastKnownFileType = "wrapper.framework";
		};
		C3947747999C0637497AB4D9 = {
			fileRef = "AF433BB9A3A7CB1B806A5FEC";
			isa = PBXBuildFile;
			settings = {
			};
		};
		090032431A010D1C08B31DCE = {
			isa = PBXFileReference;
			name = "QtCore.framework";
			path = "/usr/local/Cellar/qt/5.10.1/lib/QtCore.framework";
			refType = 0;
			sourceTree = "<absolute>";
			lastKnownFileType = "wrapper.framework";
		};
		2F2C9D3695FD20AE762F6D8A = {
			fileRef = "090032431A010D1C08B31DCE";
			isa = PBXBuildFile;
			settings = {
			};
		};
		2B774D8E4178765CE52EAAF5 = {
			isa = PBXFileReference;
			name = "DiskArbitration.framework";
			path = "/System/Library/Frameworks/DiskArbitration.framework";
			refType = 0;
			sourceTree = "<absolute>";
			lastKnownFileType = "wrapper.framework";
		};
		A99B2AA0F9CBBDD12BA126A4 = {
			fileRef = "2B774D8E4178765CE52EAAF5";
			isa = PBXBuildFile;
			settings = {
			};
		};
		A1A67BEAA744704B29168D39 = {
			isa = PBXFileReference;
			name = "IOKit.framework";
			path = "/System/Library/Frameworks/IOKit.framework";
			refType = 0;
			sourceTree = "<absolute>";
			lastKnownFileType = "wrapper.framework";
		};
		8D267F2E4776F0ECA2F49DC8 = {
			fileRef = "A1A67BEAA744704B29168D39";
			isa = PBXBuildFile;
			settings = {
			};
		};
		D4B32C2222F82AC56BADEB21 = {
			isa = PBXFileReference;
			name = "OpenGL.framework";
			path = "/System/Library/Frameworks/OpenGL.framework";
			refType = 0;
			sourceTree = "<absolute>";
			lastKnownFileType = "wrapper.framework";
		};
		8771A8C96E9C391044035D99 = {
			fileRef = "D4B32C2222F82AC56BADEB21";
			isa = PBXBuildFile;
			settings = {
			};
		};
		8D9815BDB5BD9F90D2BC05C5 = {
			isa = PBXFileReference;
			name = "AGL.framework";
			path = "/System/Library/Frameworks/AGL.framework";
			refType = 0;
			sourceTree = "<absolute>";
			lastKnownFileType = "wrapper.framework";
		};
		E45E51A644D5FC9F942ECE55 = {
			fileRef = "8D9815BDB5BD9F90D2BC05C5";
			isa = PBXBuildFile;
			settings = {
			};
		};
		AF39DD055C3EF8226FBE929D = {
			children = (
				"4372A626687FE2261D849DD3",
				"AF433BB9A3A7CB1B806A5FEC",
				"090032431A010D1C08B31DCE",
				"2B774D8E4178765CE52EAAF5",
				"A1A67BEAA744704B29168D39",
				"D4B32C2222F82AC56BADEB21",
				"8D9815BDB5BD9F90D2BC05C5");
			isa = PBXGroup;
			name = "Frameworks";
			sourceTree = "<group>";
		};
		D1C883685E82D5676953459A = {
			buildActionMask = 2147483647;
			files = (
				"1D7D940EB2C439A08BD9A01E",
				"C3947747999C0637497AB4D9",
				"2F2C9D3695FD20AE762F6D8A",
				"A99B2AA0F9CBBDD12BA126A4",
				"8D267F2E4776F0ECA2F49DC8",
				"8771A8C96E9C391044035D99",
				"E45E51A644D5FC9F942ECE55");
			isa = PBXFrameworksBuildPhase;
			runOnlyForDeploymentPostprocessing = 0;
			name = "Link Binary With Libraries";
		};
		30414803F31797EB689AE508 = {
			buildActionMask = 2147483647;
			files = (
				);
			isa = PBXResourcesBuildPhase;
			runOnlyForDeploymentPostprocessing = 0;
			name = "Copy Bundle Resources";
		};
		99542592E9780B9225F24AA8 = {
			isa = PBXCopyFilesBuildPhase;
			buildActionMask = 2147483647;
			dstPath = "";
			dstSubfolderSpec = 10;
			files = (
				);
			name = "Embed Frameworks";
			runOnlyForDeploymentPostprocessing = 0;
		};
		05009C46A3BB088E4FC04B4C = {
			isa = PBXFileReference;
			includeInIndex = 0;
			explicitFileType = "wrapper.application";
			path = "PROE_Projekt3.app";
			sourceTree = BUILT_PRODUCTS_DIR;
		};
		FE0A091FDBFB3E9C31B7A1BD = {
			children = (
				"05009C46A3BB088E4FC04B4C");
			isa = PBXGroup;
			name = "Products";
			sourceTree = "<group>";
		};
		E8C543AB96796ECAA2E65C57 = {
			children = (
				"2EB56BE3C2D93CDAB0C52E67",
				"25B08E2869634E9BCBA333A2",
				"B8254625CFD509ED2A24A166",
				"12E908B8A1C3C07C115504F5",
				"74B182DB50CB5611B5C1C297",
				"AF39DD055C3EF8226FBE929D",
				"FE0A091FDBFB3E9C31B7A1BD");
			isa = PBXGroup;
			name = "PROE_Projekt3";
			sourceTree = "<group>";
		};
		208FE7EE7E307A585FC76563 = {
			buildPhases = (
				"5E618435888B9D49F8540165",
				"7EF0942E79C014DCEC8976BC");
			dependencies = (
				);
			buildConfigurationList = 6CC3B5D2136C7CD6A5CF5A59;
			isa = PBXAggregateTarget;
			buildRules = (
);
			productName = "Qt Preprocess";
			name = "Qt Preprocess";
		};
		12FE1CEBB9E7B9DB5E91551E = {
			isa = PBXTargetDependency;
			target = "208FE7EE7E307A585FC76563";
		};
		C1D4D6A4BF73A1462E2294CA = {
			buildPhases = (
				"F7E50F631C51CD5B5DC0BC43",
				"D1C883685E82D5676953459A",
				"30414803F31797EB689AE508",
				"99542592E9780B9225F24AA8");
			dependencies = (
				"12FE1CEBB9E7B9DB5E91551E");
			productReference = "05009C46A3BB088E4FC04B4C";
			buildConfigurationList = 6CC3B5D2136C7CD6A5CF5A59;
			isa = PBXNativeTarget;
			buildRules = (
);
			productType = "com.apple.product-type.application";
			name = "PROE_Projekt3";
			productName = "PROE_Projekt3";
		};
		3AA6C32AC930069E80220CF1 = {
			isa = XCBuildConfiguration;
			buildSettings = {
				APPLICATION_EXTENSION_API_ONLY = "NO";
				"ARCHS[sdk=macosx*]" = "x86_64";
				COPY_PHASE_STRIP = "NO";
				ENABLE_BITCODE = "NO";
				GCC_OPTIMIZATION_LEVEL = "0";
				ONLY_ACTIVE_ARCH = "YES";
				PRODUCT_BUNDLE_IDENTIFIER = "wyklady.${PRODUCT_NAME:rfc1034identifier}";
				PRODUCT_NAME = "PROE_Projekt3";
				QMAKE_PKGINFO_TYPEINFO = "????";
				QT_LIBRARY_SUFFIX = "";
				SDKROOT = "macosx";
				GCC_VERSION = com.apple.compilers.llvm.clang.1_0;
				CC = "/Library/Developer/CommandLineTools/usr/bin/clang";
				LDPLUSPLUS = "/Library/Developer/CommandLineTools/usr/bin/clang++";
				INFOPLIST_FILE = "Info.plist";
				SYMROOT = "/Users/Pawel/PROE_Projekt3";
				DYLIB_CURRENT_VERSION = "1.0.0";
				DYLIB_COMPATIBILITY_VERSION = "1.0";
				MACOSX_DEPLOYMENT_TARGET = "10.10";
				HEADER_SEARCH_PATHS = (
					".",
					"/usr/local/Cellar/qt/5.10.1/lib/QtWidgets.framework/Headers",
					"/usr/local/Cellar/qt/5.10.1/lib/QtGui.framework/Headers",
					"/usr/local/Cellar/qt/5.10.1/lib/QtCore.framework/Headers",
					".",
					"/Library/Developer/CommandLineTools/SDKs/MacOSX10.13.sdk/System/Library/Frameworks/OpenGL.framework/Headers",
					"/Library/Developer/CommandLineTools/SDKs/MacOSX10.13.sdk/System/Library/Frameworks/AGL.framework/Headers",
					".",
					"/usr/local/Cellar/qt/5.10.1/mkspecs/macx-clang");
				LIBRARY_SEARCH_PATHS = (
					"/usr/local/Cellar/qt/5.10.1/lib",
					"/System/Library/Frameworks/");
				FRAMEWORK_SEARCH_PATHS = (
					"/usr/local/Cellar/qt/5.10.1/lib",
					"/usr/local/Cellar/qt/5.10.1/lib");
				OTHER_CFLAGS = (
					"-pipe",
					"-O2",
					"-Wall",
					"-W",
					"-fPIC",
					"-DQT_DEPRECATED_WARNINGS",
					"-DQT_NO_DEBUG",
					"-DQT_WIDGETS_LIB",
					"-DQT_GUI_LIB",
					"-DQT_CORE_LIB");
				OTHER_CPLUSPLUSFLAGS = (
					"-pipe",
					"-stdlib=libc++",
					"-O2",
					"-std=gnu++11",
					"-Wall",
					"-W",
					"-fPIC",
					"-DQT_DEPRECATED_WARNINGS",
					"-DQT_NO_DEBUG",
					"-DQT_WIDGETS_LIB",
					"-DQT_GUI_LIB",
					"-DQT_CORE_LIB");
				OTHER_LDFLAGS = (
						"-stdlib=libc++",
						"-headerpad_max_install_names",
						"-Wl,-rpath,@executable_path/Frameworks",
						"-F/usr/local/Cellar/qt/5.10.1/lib");
				ARCHS = "x86_64";
			};
			name = "Debug";
		};
		77418F46922677BB04ED38DD = {
			isa = XCBuildConfiguration;
			buildSettings = {
				APPLICATION_EXTENSION_API_ONLY = "NO";
				"ARCHS[sdk=macosx*]" = "x86_64";
				COPY_PHASE_STRIP = "NO";
				ENABLE_BITCODE = "NO";
				GCC_OPTIMIZATION_LEVEL = "0";
				ONLY_ACTIVE_ARCH = "YES";
				PRODUCT_BUNDLE_IDENTIFIER = "wyklady.${PRODUCT_NAME:rfc1034identifier}";
				PRODUCT_NAME = "PROE_Projekt3";
				QMAKE_PKGINFO_TYPEINFO = "????";
				QT_LIBRARY_SUFFIX = "";
				SDKROOT = "macosx";
				PRODUCT_NAME = "PROE_Projekt3";
			};
			name = "Debug";
		};
		339EE1B2CC4FC24589A0EA95 = {
			isa = XCBuildConfiguration;
			buildSettings = {
				APPLICATION_EXTENSION_API_ONLY = "NO";
				"ARCHS[sdk=macosx*]" = "x86_64";
				COPY_PHASE_STRIP = "NO";
				ENABLE_BITCODE = "NO";
				PRODUCT_BUNDLE_IDENTIFIER = "wyklady.${PRODUCT_NAME:rfc1034identifier}";
				PRODUCT_NAME = "PROE_Projekt3";
				QMAKE_PKGINFO_TYPEINFO = "????";
				QT_LIBRARY_SUFFIX = "";
				SDKROOT = "macosx";
				GCC_VERSION = com.apple.compilers.llvm.clang.1_0;
				CC = "/Library/Developer/CommandLineTools/usr/bin/clang";
				LDPLUSPLUS = "/Library/Developer/CommandLineTools/usr/bin/clang++";
				INFOPLIST_FILE = "Info.plist";
				SYMROOT = "/Users/Pawel/PROE_Projekt3";
				DYLIB_CURRENT_VERSION = "1.0.0";
				DYLIB_COMPATIBILITY_VERSION = "1.0";
				MACOSX_DEPLOYMENT_TARGET = "10.10";
				HEADER_SEARCH_PATHS = (
					".",
					"/usr/local/Cellar/qt/5.10.1/lib/QtWidgets.framework/Headers",
					"/usr/local/Cellar/qt/5.10.1/lib/QtGui.framework/Headers",
					"/usr/local/Cellar/qt/5.10.1/lib/QtCore.framework/Headers",
					".",
					"/Library/Developer/CommandLineTools/SDKs/MacOSX10.13.sdk/System/Library/Frameworks/OpenGL.framework/Headers",
					"/Library/Developer/CommandLineTools/SDKs/MacOSX10.13.sdk/System/Library/Frameworks/AGL.framework/Headers",
					".",
					"/usr/local/Cellar/qt/5.10.1/mkspecs/macx-clang");
				LIBRARY_SEARCH_PATHS = (
					"/usr/local/Cellar/qt/5.10.1/lib",
					"/System/Library/Frameworks/");
				FRAMEWORK_SEARCH_PATHS = (
					"/usr/local/Cellar/qt/5.10.1/lib",
					"/usr/local/Cellar/qt/5.10.1/lib");
				OTHER_CFLAGS = (
					"-pipe",
					"-O2",
					"-Wall",
					"-W",
					"-fPIC",
					"-DQT_DEPRECATED_WARNINGS",
					"-DQT_NO_DEBUG",
					"-DQT_WIDGETS_LIB",
					"-DQT_GUI_LIB",
					"-DQT_CORE_LIB");
				OTHER_CPLUSPLUSFLAGS = (
					"-pipe",
					"-stdlib=libc++",
					"-O2",
					"-std=gnu++11",
					"-Wall",
					"-W",
					"-fPIC",
					"-DQT_DEPRECATED_WARNINGS",
					"-DQT_NO_DEBUG",
					"-DQT_WIDGETS_LIB",
					"-DQT_GUI_LIB",
					"-DQT_CORE_LIB");
				OTHER_LDFLAGS = (
						"-stdlib=libc++",
						"-headerpad_max_install_names",
						"-Wl,-rpath,@executable_path/Frameworks",
						"-F/usr/local/Cellar/qt/5.10.1/lib");
				ARCHS = "x86_64";
			};
			name = "Release";
		};
		6666AA5E688052234F6758D8 = {
			isa = XCBuildConfiguration;
			buildSettings = {
				APPLICATION_EXTENSION_API_ONLY = "NO";
				"ARCHS[sdk=macosx*]" = "x86_64";
				COPY_PHASE_STRIP = "NO";
				ENABLE_BITCODE = "NO";
				PRODUCT_BUNDLE_IDENTIFIER = "wyklady.${PRODUCT_NAME:rfc1034identifier}";
				PRODUCT_NAME = "PROE_Projekt3";
				QMAKE_PKGINFO_TYPEINFO = "????";
				QT_LIBRARY_SUFFIX = "";
				SDKROOT = "macosx";
				PRODUCT_NAME = "PROE_Projekt3";
			};
			name = "Release";
		};
		DAC4C1AA5EDEA1C85E9CA5E6 = {
			isa = XCConfigurationList;
			buildConfigurations = (
				"3AA6C32AC930069E80220CF1",
				"339EE1B2CC4FC24589A0EA95");
			defaultConfigurationIsVisible = 0;
			defaultConfigurationName = "Release";
		};
		6CC3B5D2136C7CD6A5CF5A59 = {
			isa = XCConfigurationList;
			buildConfigurations = (
				"77418F46922677BB04ED38DD",
				"6666AA5E688052234F6758D8");
			defaultConfigurationIsVisible = 0;
			defaultConfigurationName = "Release";
		};
		6DB9C3763D02B1415CD9D565 = {
			hasScannedForEncodings = 1;
			compatibilityVersion = "Xcode 3.2";
			isa = PBXProject;
			mainGroup = "E8C543AB96796ECAA2E65C57";
			productRefGroup = "FE0A091FDBFB3E9C31B7A1BD";
			buildConfigurationList = "DAC4C1AA5EDEA1C85E9CA5E6";
			projectDirPath = "";
			projectRoot = "";
			targets = (
				"C1D4D6A4BF73A1462E2294CA",
				"208FE7EE7E307A585FC76563");
			attributes = {
				TargetAttributes = {
				};
			};
		};
	};
	rootObject = "6DB9C3763D02B1415CD9D565";
}
